
Microsoft Visual Studio Solution File, Format Version 12.00
# Visual Studio Version 16
VisualStudioVersion = 16.0.31729.503
MinimumVisualStudioVersion = 10.0.40219.1
Project("{FAE04EC0-301F-11D3-BF4B-00C04F79EFBC}") = "A5", "A5\A5.csproj", "{7345F44D-21A7-4BDB-B93C-FCC677CFDAC1}"
EndProject
Global
	GlobalSection(SolutionConfigurationPlatforms) = preSolution
		Debug|Any CPU = Debug|Any CPU
		Release|Any CPU = Release|Any CPU
	EndGlobalSection
	GlobalSection(ProjectConfigurationPlatforms) = postSolution
		{7345F44D-21A7-4BDB-B93C-FCC677CFDAC1}.Debug|Any CPU.ActiveCfg = Debug|Any CPU
		{7345F44D-21A7-4BDB-B93C-FCC677CFDAC1}.Debug|Any CPU.Build.0 = Debug|Any CPU
		{7345F44D-21A7-4BDB-B93C-FCC677CFDAC1}.Release|Any CPU.ActiveCfg = Release|Any CPU
		{7345F44D-21A7-4BDB-B93C-FCC677CFDAC1}.Release|Any CPU.Build.0 = Release|Any CPU
	EndGlobalSection
	GlobalSection(SolutionProperties) = preSolution
		HideSolutionNode = FALSE
	EndGlobalSection
	GlobalSection(ExtensibilityGlobals) = postSolution
		SolutionGuid = {8E0DB633-1CF6-4C2E-8928-DC1EE241F404}
	EndGlobalSection
EndGlobal
